{
  "name": "proyecto",
  "version": "1.0.0",
  "lockfileVersion": 1,
  "requires": true,
  "dependencies": {
    "modulo-1": {
      "version": "git+ssh://git@github.com/mcaligares/modulo-1.git#d283810f52133c7da3d040dcde152d555447966c",
      "from": "git+ssh://git@github.com/mcaligares/modulo-1.git"
    },
    "modulo-2": {
      "version": "git+ssh://git@github.com/mcaligares/modulo-2.git#1910d80b491f11bbf18da66e4036986f9d2814d4",
      "from": "git+ssh://git@github.com/mcaligares/modulo-2.git"
    }
  }
}
